
Microsoft Visual Studio Solution File, Format Version 12.00
# Visual Studio Version 17
VisualStudioVersion = 17.8.34309.116
MinimumVisualStudioVersion = 10.0.40219.1
Project("{FAE04EC0-301F-11D3-BF4B-00C04F79EFBC}") = "TestSheetScanner", "TestSheetScanner.csproj", "{EC912698-1F52-4806-AF23-3A650082095D}"
EndProject
Global
	GlobalSection(SolutionConfigurationPlatforms) = preSolution
		Debug|Any CPU = Debug|Any CPU
		Release|Any CPU = Release|Any CPU
	EndGlobalSection
	GlobalSection(ProjectConfigurationPlatforms) = postSolution
		{EC912698-1F52-4806-AF23-3A650082095D}.Debug|Any CPU.ActiveCfg = Debug|Any CPU
		{EC912698-1F52-4806-AF23-3A650082095D}.Debug|Any CPU.Build.0 = Debug|Any CPU
		{EC912698-1F52-4806-AF23-3A650082095D}.Release|Any CPU.ActiveCfg = Release|Any CPU
		{EC912698-1F52-4806-AF23-3A650082095D}.Release|Any CPU.Build.0 = Release|Any CPU
	EndGlobalSection
	GlobalSection(SolutionProperties) = preSolution
		HideSolutionNode = FALSE
	EndGlobalSection
	GlobalSection(ExtensibilityGlobals) = postSolution
		SolutionGuid = {6ACA8205-BE82-4BE9-B177-DCE2E51D7660}
	EndGlobalSection
EndGlobal
